
Microsoft Visual Studio Solution File, Format Version 12.00
# Visual Studio Version 16
VisualStudioVersion = 16.0.30907.101
MinimumVisualStudioVersion = 10.0.40219.1
Project("{FAE04EC0-301F-11D3-BF4B-00C04F79EFBC}") = "RaphMVC", "RaphMVC\RaphMVC.csproj", "{2678E304-DA00-4499-81D5-3090BCCA217D}"
EndProject
Global
	GlobalSection(SolutionConfigurationPlatforms) = preSolution
		Debug|Any CPU = Debug|Any CPU
		Release|Any CPU = Release|Any CPU
	EndGlobalSection
	GlobalSection(ProjectConfigurationPlatforms) = postSolution
		{2678E304-DA00-4499-81D5-3090BCCA217D}.Debug|Any CPU.ActiveCfg = Debug|Any CPU
		{2678E304-DA00-4499-81D5-3090BCCA217D}.Debug|Any CPU.Build.0 = Debug|Any CPU
		{2678E304-DA00-4499-81D5-3090BCCA217D}.Release|Any CPU.ActiveCfg = Release|Any CPU
		{2678E304-DA00-4499-81D5-3090BCCA217D}.Release|Any CPU.Build.0 = Release|Any CPU
	EndGlobalSection
	GlobalSection(SolutionProperties) = preSolution
		HideSolutionNode = FALSE
	EndGlobalSection
	GlobalSection(ExtensibilityGlobals) = postSolution
		SolutionGuid = {780ACA2A-21CA-4254-A198-F6751884C408}
	EndGlobalSection
EndGlobal
